
Microsoft Visual Studio Solution File, Format Version 12.00
# Visual Studio 2012
Project("{FAE04EC0-301F-11D3-BF4B-00C04F79EFBC}") = "TTTAttributedLabel", "TTTAttributedLabel\TTTAttributedLabel.csproj", "{11775894-0AB1-47E9-929C-E9C1F07B0931}"
EndProject
Global
	GlobalSection(SolutionConfigurationPlatforms) = preSolution
		Debug|Any CPU = Debug|Any CPU
		Release|Any CPU = Release|Any CPU
	EndGlobalSection
	GlobalSection(ProjectConfigurationPlatforms) = postSolution
		{11775894-0AB1-47E9-929C-E9C1F07B0931}.Debug|Any CPU.ActiveCfg = Debug|Any CPU
		{11775894-0AB1-47E9-929C-E9C1F07B0931}.Debug|Any CPU.Build.0 = Debug|Any CPU
		{11775894-0AB1-47E9-929C-E9C1F07B0931}.Release|Any CPU.ActiveCfg = Release|Any CPU
		{11775894-0AB1-47E9-929C-E9C1F07B0931}.Release|Any CPU.Build.0 = Release|Any CPU
	EndGlobalSection
EndGlobal
