
Microsoft Visual Studio Solution File, Format Version 12.00
# Visual Studio 2012
Project("{FAE04EC0-301F-11D3-BF4B-00C04F79EFBC}") = "SimpleChat", "SimpleChat\SimpleChat.csproj", "{E73BA4F1-418E-4662-93C7-3B989DD5F3D0}"
EndProject
Global
	GlobalSection(SolutionConfigurationPlatforms) = preSolution
		Debug|iPhoneSimulator = Debug|iPhoneSimulator
		Release|iPhone = Release|iPhone
		Release|iPhoneSimulator = Release|iPhoneSimulator
		Debug|iPhone = Debug|iPhone
	EndGlobalSection
	GlobalSection(ProjectConfigurationPlatforms) = postSolution
		{E73BA4F1-418E-4662-93C7-3B989DD5F3D0}.Debug|iPhoneSimulator.ActiveCfg = Debug|iPhoneSimulator
		{E73BA4F1-418E-4662-93C7-3B989DD5F3D0}.Debug|iPhoneSimulator.Build.0 = Debug|iPhoneSimulator
		{E73BA4F1-418E-4662-93C7-3B989DD5F3D0}.Release|iPhone.ActiveCfg = Release|iPhone
		{E73BA4F1-418E-4662-93C7-3B989DD5F3D0}.Release|iPhone.Build.0 = Release|iPhone
		{E73BA4F1-418E-4662-93C7-3B989DD5F3D0}.Release|iPhoneSimulator.ActiveCfg = Release|iPhoneSimulator
		{E73BA4F1-418E-4662-93C7-3B989DD5F3D0}.Release|iPhoneSimulator.Build.0 = Release|iPhoneSimulator
		{E73BA4F1-418E-4662-93C7-3B989DD5F3D0}.Debug|iPhone.ActiveCfg = Debug|iPhone
		{E73BA4F1-418E-4662-93C7-3B989DD5F3D0}.Debug|iPhone.Build.0 = Debug|iPhone
	EndGlobalSection
EndGlobal
